
Microsoft Visual Studio Solution File, Format Version 12.00
# Visual Studio Version 16
VisualStudioVersion = 16.0.32228.343
MinimumVisualStudioVersion = 10.0.40219.1
Project("{FAE04EC0-301F-11D3-BF4B-00C04F79EFBC}") = "ProgrammingCourse", "ProgrammingCourse\ProgrammingCourse.csproj", "{D82A7CC1-7BD1-4D55-A251-187F8F078C48}"
EndProject
Global
	GlobalSection(SolutionConfigurationPlatforms) = preSolution
		Debug|Any CPU = Debug|Any CPU
		Release|Any CPU = Release|Any CPU
	EndGlobalSection
	GlobalSection(ProjectConfigurationPlatforms) = postSolution
		{D82A7CC1-7BD1-4D55-A251-187F8F078C48}.Debug|Any CPU.ActiveCfg = Debug|Any CPU
		{D82A7CC1-7BD1-4D55-A251-187F8F078C48}.Debug|Any CPU.Build.0 = Debug|Any CPU
		{D82A7CC1-7BD1-4D55-A251-187F8F078C48}.Release|Any CPU.ActiveCfg = Release|Any CPU
		{D82A7CC1-7BD1-4D55-A251-187F8F078C48}.Release|Any CPU.Build.0 = Release|Any CPU
	EndGlobalSection
	GlobalSection(SolutionProperties) = preSolution
		HideSolutionNode = FALSE
	EndGlobalSection
	GlobalSection(ExtensibilityGlobals) = postSolution
		SolutionGuid = {B18C6B18-1698-4C95-90AB-5AF12CDC3979}
	EndGlobalSection
EndGlobal
